
Microsoft Visual Studio Solution File, Format Version 12.00
# Visual Studio Version 16
VisualStudioVersion = 16.0.28902.138
MinimumVisualStudioVersion = 10.0.40219.1
Project("{FAE04EC0-301F-11D3-BF4B-00C04F79EFBC}") = "CalculatorWithFuctions", "CalculatorWithFuctions.csproj", "{D64D0EBF-077E-4770-AB36-6A4EBED8BCD6}"
EndProject
Project("{FAE04EC0-301F-11D3-BF4B-00C04F79EFBC}") = "UnitTestCalculator", "..\UnitTestCalculator\UnitTestCalculator.csproj", "{DE68BE6D-1B30-4366-A416-4AAAE912634F}"
EndProject
Global
	GlobalSection(SolutionConfigurationPlatforms) = preSolution
		Debug|Any CPU = Debug|Any CPU
		Release|Any CPU = Release|Any CPU
	EndGlobalSection
	GlobalSection(ProjectConfigurationPlatforms) = postSolution
		{D64D0EBF-077E-4770-AB36-6A4EBED8BCD6}.Debug|Any CPU.ActiveCfg = Debug|Any CPU
		{D64D0EBF-077E-4770-AB36-6A4EBED8BCD6}.Debug|Any CPU.Build.0 = Debug|Any CPU
		{D64D0EBF-077E-4770-AB36-6A4EBED8BCD6}.Release|Any CPU.ActiveCfg = Release|Any CPU
		{D64D0EBF-077E-4770-AB36-6A4EBED8BCD6}.Release|Any CPU.Build.0 = Release|Any CPU
		{DE68BE6D-1B30-4366-A416-4AAAE912634F}.Debug|Any CPU.ActiveCfg = Debug|Any CPU
		{DE68BE6D-1B30-4366-A416-4AAAE912634F}.Debug|Any CPU.Build.0 = Debug|Any CPU
		{DE68BE6D-1B30-4366-A416-4AAAE912634F}.Release|Any CPU.ActiveCfg = Release|Any CPU
		{DE68BE6D-1B30-4366-A416-4AAAE912634F}.Release|Any CPU.Build.0 = Release|Any CPU
	EndGlobalSection
	GlobalSection(SolutionProperties) = preSolution
		HideSolutionNode = FALSE
	EndGlobalSection
	GlobalSection(ExtensibilityGlobals) = postSolution
		SolutionGuid = {2B9AD01E-72F4-478C-915C-736F087FF4DC}
	EndGlobalSection
EndGlobal
